
Microsoft Visual Studio Solution File, Format Version 12.00
# Visual Studio Version 16
VisualStudioVersion = 16.0.32802.440
MinimumVisualStudioVersion = 10.0.40219.1
Project("{FAE04EC0-301F-11D3-BF4B-00C04F79EFBC}") = "SalesWebMVC", "SalesWebMVC\SalesWebMVC.csproj", "{027FC5B7-0328-4B3A-963C-D6FDBCED4572}"
EndProject
Global
	GlobalSection(SolutionConfigurationPlatforms) = preSolution
		Debug|Any CPU = Debug|Any CPU
		Release|Any CPU = Release|Any CPU
	EndGlobalSection
	GlobalSection(ProjectConfigurationPlatforms) = postSolution
		{027FC5B7-0328-4B3A-963C-D6FDBCED4572}.Debug|Any CPU.ActiveCfg = Debug|Any CPU
		{027FC5B7-0328-4B3A-963C-D6FDBCED4572}.Debug|Any CPU.Build.0 = Debug|Any CPU
		{027FC5B7-0328-4B3A-963C-D6FDBCED4572}.Release|Any CPU.ActiveCfg = Release|Any CPU
		{027FC5B7-0328-4B3A-963C-D6FDBCED4572}.Release|Any CPU.Build.0 = Release|Any CPU
	EndGlobalSection
	GlobalSection(SolutionProperties) = preSolution
		HideSolutionNode = FALSE
	EndGlobalSection
	GlobalSection(ExtensibilityGlobals) = postSolution
		SolutionGuid = {DC661039-C4C8-4291-89FB-C5EF8DEDC1C4}
	EndGlobalSection
EndGlobal
